// !$*UTF8*$!
{
	archiveVersion = 1;
	classes = {
	};
	objectVersion = 50;
	objects = {

/* Begin PBXBuildFile section */
		7505370E244A6D11002180EC /* AppDelegate.swift in Sources */ = {isa = PBXBuildFile; fileRef = 7505370D244A6D11002180EC /* AppDelegate.swift */; };
		75053710244A6D11002180EC /* SceneDelegate.swift in Sources */ = {isa = PBXBuildFile; fileRef = 7505370F244A6D11002180EC /* SceneDelegate.swift */; };
		75053712244A6D11002180EC /* ViewController.swift in Sources */ = {isa = PBXBuildFile; fileRef = 75053711244A6D11002180EC /* ViewController.swift */; };
		75053715244A6D11002180EC /* Main.storyboard in Resources */ = {isa = PBXBuildFile; fileRef = 75053713244A6D11002180EC /* Main.storyboard */; };
		75053717244A6D15002180EC /* Assets.xcassets in Resources */ = {isa = PBXBuildFile; fileRef = 75053716244A6D15002180EC /* Assets.xcassets */; };
		7505371A244A6D15002180EC /* LaunchScreen.storyboard in Resources */ = {isa = PBXBuildFile; fileRef = 75053718244A6D15002180EC /* LaunchScreen.storyboard */; };
		75053723244A7CC7002180EC /* TitleTextFieldDelegate.swift in Sources */ = {isa = PBXBuildFile; fileRef = 75053722244A7CC7002180EC /* TitleTextFieldDelegate.swift */; };
		75053726244B5B34002180EC /* Meme.swift in Sources */ = {isa = PBXBuildFile; fileRef = 75053725244B5B34002180EC /* Meme.swift */; };
		750537AC244CC53C002180EC /* TableViewController.swift in Sources */ = {isa = PBXBuildFile; fileRef = 750537AB244CC53C002180EC /* TableViewController.swift */; };
		750537AE244CC91A002180EC /* TableViewCell.swift in Sources */ = {isa = PBXBuildFile; fileRef = 750537AD244CC91A002180EC /* TableViewCell.swift */; };
		750537B3244D09CF002180EC /* CollectionViewController.swift in Sources */ = {isa = PBXBuildFile; fileRef = 750537B2244D09CF002180EC /* CollectionViewController.swift */; };
		750537B5244D09F3002180EC /* CollectionViewCell.swift in Sources */ = {isa = PBXBuildFile; fileRef = 750537B4244D09F3002180EC /* CollectionViewCell.swift */; };
		7597A0BC244DEB9B00F8DE61 /* MemeInfoViewController.swift in Sources */ = {isa = PBXBuildFile; fileRef = 7597A0BB244DEB9B00F8DE61 /* MemeInfoViewController.swift */; };
/* End PBXBuildFile section */

/* Begin PBXFileReference section */
		7505370A244A6D11002180EC /* MemeMeApp.app */ = {isa = PBXFileReference; explicitFileType = wrapper.application; includeInIndex = 0; path = MemeMeApp.app; sourceTree = BUILT_PRODUCTS_DIR; };
		7505370D244A6D11002180EC /* AppDelegate.swift */ = {isa = PBXFileReference; lastKnownFileType = sourcecode.swift; path = AppDelegate.swift; sourceTree = "<group>"; };
		7505370F244A6D11002180EC /* SceneDelegate.swift */ = {isa = PBXFileReference; lastKnownFileType = sourcecode.swift; path = SceneDelegate.swift; sourceTree = "<group>"; };
		75053711244A6D11002180EC /* ViewController.swift */ = {isa = PBXFileReference; lastKnownFileType = sourcecode.swift; path = ViewController.swift; sourceTree = "<group>"; };
		75053714244A6D11002180EC /* Base */ = {isa = PBXFileReference; lastKnownFileType = file.storyboard; name = Base; path = Base.lproj/Main.storyboard; sourceTree = "<group>"; };
		75053716244A6D15002180EC /* Assets.xcassets */ = {isa = PBXFileReference; lastKnownFileType = folder.assetcatalog; path = Assets.xcassets; sourceTree = "<group>"; };
		75053719244A6D15002180EC /* Base */ = {isa = PBXFileReference; lastKnownFileType = file.storyboard; name = Base; path = Base.lproj/LaunchScreen.storyboard; sourceTree = "<group>"; };
		7505371B244A6D15002180EC /* Info.plist */ = {isa = PBXFileReference; lastKnownFileType = text.plist.xml; path = Info.plist; sourceTree = "<group>"; };
		75053722244A7CC7002180EC /* TitleTextFieldDelegate.swift */ = {isa = PBXFileReference; lastKnownFileType = sourcecode.swift; path = TitleTextFieldDelegate.swift; sourceTree = "<group>"; };
		75053725244B5B34002180EC /* Meme.swift */ = {isa = PBXFileReference; lastKnownFileType = sourcecode.swift; path = Meme.swift; sourceTree = "<group>"; };
		750537AB244CC53C002180EC /* TableViewController.swift */ = {isa = PBXFileReference; lastKnownFileType = sourcecode.swift; path = TableViewController.swift; sourceTree = "<group>"; };
		750537AD244CC91A002180EC /* TableViewCell.swift */ = {isa = PBXFileReference; lastKnownFileType = sourcecode.swift; path = TableViewCell.swift; sourceTree = "<group>"; };
		750537B2244D09CF002180EC /* CollectionViewController.swift */ = {isa = PBXFileReference; lastKnownFileType = sourcecode.swift; path = CollectionViewController.swift; sourceTree = "<group>"; };
		750537B4244D09F3002180EC /* CollectionViewCell.swift */ = {isa = PBXFileReference; lastKnownFileType = sourcecode.swift; path = CollectionViewCell.swift; sourceTree = "<group>"; };
		7597A0BB244DEB9B00F8DE61 /* MemeInfoViewController.swift */ = {isa = PBXFileReference; lastKnownFileType = sourcecode.swift; path = MemeInfoViewController.swift; sourceTree = "<group>"; };
/* End PBXFileReference section */

/* Begin PBXFrameworksBuildPhase section */
		75053707244A6D11002180EC /* Frameworks */ = {
			isa = PBXFrameworksBuildPhase;
			buildActionMask = 2147483647;
			files = (
			);
			runOnlyForDeploymentPostprocessing = 0;
		};
/* End PBXFrameworksBuildPhase section */

/* Begin PBXGroup section */
		75053701244A6D11002180EC = {
			isa = PBXGroup;
			children = (
				7505370C244A6D11002180EC /* MemeMeApp */,
				7505370B244A6D11002180EC /* Products */,
			);
			sourceTree = "<group>";
		};
		7505370B244A6D11002180EC /* Products */ = {
			isa = PBXGroup;
			children = (
				7505370A244A6D11002180EC /* MemeMeApp.app */,
			);
			name = Products;
			sourceTree = "<group>";
		};
		7505370C244A6D11002180EC /* MemeMeApp */ = {
			isa = PBXGroup;
			children = (
				750537B1244D09AB002180EC /* CollectionMeme */,
				750537AA244CC4D9002180EC /* TableMeme */,
				75053724244B5B22002180EC /* Meme */,
				75053721244A7C49002180EC /* TextFieldDelegate */,
				7505370D244A6D11002180EC /* AppDelegate.swift */,
				7505370F244A6D11002180EC /* SceneDelegate.swift */,
				75053711244A6D11002180EC /* ViewController.swift */,
				75053713244A6D11002180EC /* Main.storyboard */,
				75053716244A6D15002180EC /* Assets.xcassets */,
				75053718244A6D15002180EC /* LaunchScreen.storyboard */,
				7505371B244A6D15002180EC /* Info.plist */,
				7597A0BB244DEB9B00F8DE61 /* MemeInfoViewController.swift */,
			);
			path = MemeMeApp;
			sourceTree = "<group>";
		};
		75053721244A7C49002180EC /* TextFieldDelegate */ = {
			isa = PBXGroup;
			children = (
				75053722244A7CC7002180EC /* TitleTextFieldDelegate.swift */,
			);
			path = TextFieldDelegate;
			sourceTree = "<group>";
		};
		75053724244B5B22002180EC /* Meme */ = {
			isa = PBXGroup;
			children = (
				75053725244B5B34002180EC /* Meme.swift */,
			);
			path = Meme;
			sourceTree = "<group>";
		};
		750537AA244CC4D9002180EC /* TableMeme */ = {
			isa = PBXGroup;
			children = (
				750537AB244CC53C002180EC /* TableViewController.swift */,
				750537AD244CC91A002180EC /* TableViewCell.swift */,
			);
			path = TableMeme;
			sourceTree = "<group>";
		};
		750537B1244D09AB002180EC /* CollectionMeme */ = {
			isa = PBXGroup;
			children = (
				750537B2244D09CF002180EC /* CollectionViewController.swift */,
				750537B4244D09F3002180EC /* CollectionViewCell.swift */,
			);
			path = CollectionMeme;
			sourceTree = "<group>";
		};
/* End PBXGroup section */

/* Begin PBXNativeTarget section */
		75053709244A6D11002180EC /* MemeMeApp */ = {
			isa = PBXNativeTarget;
			buildConfigurationList = 7505371E244A6D15002180EC /* Build configuration list for PBXNativeTarget "MemeMeApp" */;
			buildPhases = (
				75053706244A6D11002180EC /* Sources */,
				75053707244A6D11002180EC /* Frameworks */,
				75053708244A6D11002180EC /* Resources */,
			);
			buildRules = (
			);
			dependencies = (
			);
			name = MemeMeApp;
			productName = MemeMeApp;
			productReference = 7505370A244A6D11002180EC /* MemeMeApp.app */;
			productType = "com.apple.product-type.application";
		};
/* End PBXNativeTarget section */

/* Begin PBXProject section */
		75053702244A6D11002180EC /* Project object */ = {
			isa = PBXProject;
			attributes = {
				LastSwiftUpdateCheck = 1140;
				LastUpgradeCheck = 1140;
				ORGANIZATIONNAME = "Gustavo Brunetto";
				TargetAttributes = {
					75053709244A6D11002180EC = {
						CreatedOnToolsVersion = 11.4.1;
					};
				};
			};
			buildConfigurationList = 75053705244A6D11002180EC /* Build configuration list for PBXProject "MemeMeApp" */;
			compatibilityVersion = "Xcode 9.3";
			developmentRegion = en;
			hasScannedForEncodings = 0;
			knownRegions = (
				en,
				Base,
			);
			mainGroup = 75053701244A6D11002180EC;
			productRefGroup = 7505370B244A6D11002180EC /* Products */;
			projectDirPath = "";
			projectRoot = "";
			targets = (
				75053709244A6D11002180EC /* MemeMeApp */,
			);
		};
/* End PBXProject section */

/* Begin PBXResourcesBuildPhase section */
		75053708244A6D11002180EC /* Resources */ = {
			isa = PBXResourcesBuildPhase;
			buildActionMask = 2147483647;
			files = (
				7505371A244A6D15002180EC /* LaunchScreen.storyboard in Resources */,
				75053717244A6D15002180EC /* Assets.xcassets in Resources */,
				75053715244A6D11002180EC /* Main.storyboard in Resources */,
			);
			runOnlyForDeploymentPostprocessing = 0;
		};
/* End PBXResourcesBuildPhase section */

/* Begin PBXSourcesBuildPhase section */
		75053706244A6D11002180EC /* Sources */ = {
			isa = PBXSourcesBuildPhase;
			buildActionMask = 2147483647;
			files = (
				75053712244A6D11002180EC /* ViewController.swift in Sources */,
				750537AC244CC53C002180EC /* TableViewController.swift in Sources */,
				750537B5244D09F3002180EC /* CollectionViewCell.swift in Sources */,
				75053723244A7CC7002180EC /* TitleTextFieldDelegate.swift in Sources */,
				7505370E244A6D11002180EC /* AppDelegate.swift in Sources */,
				750537B3244D09CF002180EC /* CollectionViewController.swift in Sources */,
				75053710244A6D11002180EC /* SceneDelegate.swift in Sources */,
				750537AE244CC91A002180EC /* TableViewCell.swift in Sources */,
				7597A0BC244DEB9B00F8DE61 /* MemeInfoViewController.swift in Sources */,
				75053726244B5B34002180EC /* Meme.swift in Sources */,
			);
			runOnlyForDeploymentPostprocessing = 0;
		};
/* End PBXSourcesBuildPhase section */

/* Begin PBXVariantGroup section */
		75053713244A6D11002180EC /* Main.storyboard */ = {
			isa = PBXVariantGroup;
			children = (
				75053714244A6D11002180EC /* Base */,
			);
			name = Main.storyboard;
			sourceTree = "<group>";
		};
		75053718244A6D15002180EC /* LaunchScreen.storyboard */ = {
			isa = PBXVariantGroup;
			children = (
				75053719244A6D15002180EC /* Base */,
			);
			name = LaunchScreen.storyboard;
			sourceTree = "<group>";
		};
/* End PBXVariantGroup section */

/* Begin XCBuildConfiguration section */
		7505371C244A6D15002180EC /* Debug */ = {
			isa = XCBuildConfiguration;
			buildSettings = {
				ALWAYS_SEARCH_USER_PATHS = NO;
				CLANG_ANALYZER_NONNULL = YES;
				CLANG_ANALYZER_NUMBER_OBJECT_CONVERSION = YES_AGGRESSIVE;
				CLANG_CXX_LANGUAGE_STANDARD = "gnu++14";
				CLANG_CXX_LIBRARY = "libc++";
				CLANG_ENABLE_MODULES = YES;
				CLANG_ENABLE_OBJC_ARC = YES;
				CLANG_ENABLE_OBJC_WEAK = YES;
				CLANG_WARN_BLOCK_CAPTURE_AUTORELEASING = YES;
				CLANG_WARN_BOOL_CONVERSION = YES;
				CLANG_WARN_COMMA = YES;
				CLANG_WARN_CONSTANT_CONVERSION = YES;
				CLANG_WARN_DEPRECATED_OBJC_IMPLEMENTATIONS = YES;
				CLANG_WARN_DIRECT_OBJC_ISA_USAGE = YES_ERROR;
				CLANG_WARN_DOCUMENTATION_COMMENTS = YES;
				CLANG_WARN_EMPTY_BODY = YES;
				CLANG_WARN_ENUM_CONVERSION = YES;
				CLANG_WARN_INFINITE_RECURSION = YES;
				CLANG_WARN_INT_CONVERSION = YES;
				CLANG_WARN_NON_LITERAL_NULL_CONVERSION = YES;
				CLANG_WARN_OBJC_IMPLICIT_RETAIN_SELF = YES;
				CLANG_WARN_OBJC_LITERAL_CONVERSION = YES;
				CLANG_WARN_OBJC_ROOT_CLASS = YES_ERROR;
				CLANG_WARN_RANGE_LOOP_ANALYSIS = YES;
				CLANG_WARN_STRICT_PROTOTYPES = YES;
				CLANG_WARN_SUSPICIOUS_MOVE = YES;
				CLANG_WARN_UNGUARDED_AVAILABILITY = YES_AGGRESSIVE;
				CLANG_WARN_UNREACHABLE_CODE = YES;
				CLANG_WARN__DUPLICATE_METHOD_MATCH = YES;
				COPY_PHASE_STRIP = NO;
				DEBUG_INFORMATION_FORMAT = dwarf;
				ENABLE_STRICT_OBJC_MSGSEND = YES;
				ENABLE_TESTABILITY = YES;
				GCC_C_LANGUAGE_STANDARD = gnu11;
				GCC_DYNAMIC_NO_PIC = NO;
				GCC_NO_COMMON_BLOCKS = YES;
				GCC_OPTIMIZATION_LEVEL = 0;
				GCC_PREPROCESSOR_DEFINITIONS = (
					"DEBUG=1",
					"$(inherited)",
				);
				GCC_WARN_64_TO_32_BIT_CONVERSION = YES;
				GCC_WARN_ABOUT_RETURN_TYPE = YES_ERROR;
				GCC_WARN_UNDECLARED_SELECTOR = YES;
				GCC_WARN_UNINITIALIZED_AUTOS = YES_AGGRESSIVE;
				GCC_WARN_UNUSED_FUNCTION = YES;
				GCC_WARN_UNUSED_VARIABLE = YES;
				IPHONEOS_DEPLOYMENT_TARGET = 13.4;
				MTL_ENABLE_DEBUG_INFO = INCLUDE_SOURCE;
				MTL_FAST_MATH = YES;
				ONLY_ACTIVE_ARCH = YES;
				SDKROOT = iphoneos;
				SWIFT_ACTIVE_COMPILATION_CONDITIONS = DEBUG;
				SWIFT_OPTIMIZATION_LEVEL = "-Onone";
			};
			name = Debug;
		};
		7505371D244A6D15002180EC /* Release */ = {
			isa = XCBuildConfiguration;
			buildSettings = {
				ALWAYS_SEARCH_USER_PATHS = NO;
				CLANG_ANALYZER_NONNULL = YES;
				CLANG_ANALYZER_NUMBER_OBJECT_CONVERSION = YES_AGGRESSIVE;
				CLANG_CXX_LANGUAGE_STANDARD = "gnu++14";
				CLANG_CXX_LIBRARY = "libc++";
				CLANG_ENABLE_MODULES = YES;
				CLANG_ENABLE_OBJC_ARC = YES;
				CLANG_ENABLE_OBJC_WEAK = YES;
				CLANG_WARN_BLOCK_CAPTURE_AUTORELEASING = YES;
				CLANG_WARN_BOOL_CONVERSION = YES;
				CLANG_WARN_COMMA = YES;
				CLANG_WARN_CONSTANT_CONVERSION = YES;
				CLANG_WARN_DEPRECATED_OBJC_IMPLEMENTATIONS = YES;
				CLANG_WARN_DIRECT_OBJC_ISA_USAGE = YES_ERROR;
				CLANG_WARN_DOCUMENTATION_COMMENTS = YES;
				CLANG_WARN_EMPTY_BODY = YES;
				CLANG_WARN_ENUM_CONVERSION = YES;
				CLANG_WARN_INFINITE_RECURSION = YES;
				CLANG_WARN_INT_CONVERSION = YES;
				CLANG_WARN_NON_LITERAL_NULL_CONVERSION = YES;
				CLANG_WARN_OBJC_IMPLICIT_RETAIN_SELF = YES;
				CLANG_WARN_OBJC_LITERAL_CONVERSION = YES;
				CLANG_WARN_OBJC_ROOT_CLASS = YES_ERROR;
				CLANG_WARN_RANGE_LOOP_ANALYSIS = YES;
				CLANG_WARN_STRICT_PROTOTYPES = YES;
				CLANG_WARN_SUSPICIOUS_MOVE = YES;
				CLANG_WARN_UNGUARDED_AVAILABILITY = YES_AGGRESSIVE;
				CLANG_WARN_UNREACHABLE_CODE = YES;
				CLANG_WARN__DUPLICATE_METHOD_MATCH = YES;
				COPY_PHASE_STRIP = NO;
				DEBUG_INFORMATION_FORMAT = "dwarf-with-dsym";
				ENABLE_NS_ASSERTIONS = NO;
				ENABLE_STRICT_OBJC_MSGSEND = YES;
				GCC_C_LANGUAGE_STANDARD = gnu11;
				GCC_NO_COMMON_BLOCKS = YES;
				GCC_WARN_64_TO_32_BIT_CONVERSION = YES;
				GCC_WARN_ABOUT_RETURN_TYPE = YES_ERROR;
				GCC_WARN_UNDECLARED_SELECTOR = YES;
				GCC_WARN_UNINITIALIZED_AUTOS = YES_AGGRESSIVE;
				GCC_WARN_UNUSED_FUNCTION = YES;
				GCC_WARN_UNUSED_VARIABLE = YES;
				IPHONEOS_DEPLOYMENT_TARGET = 13.4;
				MTL_ENABLE_DEBUG_INFO = NO;
				MTL_FAST_MATH = YES;
				SDKROOT = iphoneos;
				SWIFT_COMPILATION_MODE = wholemodule;
				SWIFT_OPTIMIZATION_LEVEL = "-O";
				VALIDATE_PRODUCT = YES;
			};
			name = Release;
		};
		7505371F244A6D15002180EC /* Debug */ = {
			isa = XCBuildConfiguration;
			buildSettings = {
				ASSETCATALOG_COMPILER_APPICON_NAME = AppIcon;
				CODE_SIGN_STYLE = Automatic;
				DEVELOPMENT_TEAM = AS752AQ5FD;
				INFOPLIST_FILE = MemeMeApp/Info.plist;
				LD_RUNPATH_SEARCH_PATHS = (
					"$(inherited)",
					"@executable_path/Frameworks",
				);
				PRODUCT_BUNDLE_IDENTIFIER = com.gustavobrunetto.MemeMeApp;
				PRODUCT_NAME = "$(TARGET_NAME)";
				SWIFT_VERSION = 5.0;
				TARGETED_DEVICE_FAMILY = "1,2";
			};
			name = Debug;
		};
		75053720244A6D15002180EC /* Release */ = {
			isa = XCBuildConfiguration;
			buildSettings = {
				ASSETCATALOG_COMPILER_APPICON_NAME = AppIcon;
				CODE_SIGN_STYLE = Automatic;
				DEVELOPMENT_TEAM = AS752AQ5FD;
				INFOPLIST_FILE = MemeMeApp/Info.plist;
				LD_RUNPATH_SEARCH_PATHS = (
					"$(inherited)",
					"@executable_path/Frameworks",
				);
				PRODUCT_BUNDLE_IDENTIFIER = com.gustavobrunetto.MemeMeApp;
				PRODUCT_NAME = "$(TARGET_NAME)";
				SWIFT_VERSION = 5.0;
				TARGETED_DEVICE_FAMILY = "1,2";
			};
			name = Release;
		};
/* End XCBuildConfiguration section */

/* Begin XCConfigurationList section */
		75053705244A6D11002180EC /* Build configuration list for PBXProject "MemeMeApp" */ = {
			isa = XCConfigurationList;
			buildConfigurations = (
				7505371C244A6D15002180EC /* Debug */,
				7505371D244A6D15002180EC /* Release */,
			);
			defaultConfigurationIsVisible = 0;
			defaultConfigurationName = Release;
		};
		7505371E244A6D15002180EC /* Build configuration list for PBXNativeTarget "MemeMeApp" */ = {
			isa = XCConfigurationList;
			buildConfigurations = (
				7505371F244A6D15002180EC /* Debug */,
				75053720244A6D15002180EC /* Release */,
			);
			defaultConfigurationIsVisible = 0;
			defaultConfigurationName = Release;
		};
/* End XCConfigurationList section */
	};
	rootObject = 75053702244A6D11002180EC /* Project object */;
}
